
Microsoft Visual Studio Solution File, Format Version 12.00
# Visual Studio Version 17
VisualStudioVersion = 17.9.34723.18
MinimumVisualStudioVersion = 10.0.40219.1
Project("{FAE04EC0-301F-11D3-BF4B-00C04F79EFBC}") = "Lav.9-6.Pavliy", "Lav.9-6.Pavliy\Lav.9-6.Pavliy.csproj", "{328B02A8-CB26-4BE5-9782-41EB8B91C816}"
EndProject
Global
	GlobalSection(SolutionConfigurationPlatforms) = preSolution
		Debug|Any CPU = Debug|Any CPU
		Release|Any CPU = Release|Any CPU
	EndGlobalSection
	GlobalSection(ProjectConfigurationPlatforms) = postSolution
		{328B02A8-CB26-4BE5-9782-41EB8B91C816}.Debug|Any CPU.ActiveCfg = Debug|Any CPU
		{328B02A8-CB26-4BE5-9782-41EB8B91C816}.Debug|Any CPU.Build.0 = Debug|Any CPU
		{328B02A8-CB26-4BE5-9782-41EB8B91C816}.Release|Any CPU.ActiveCfg = Release|Any CPU
		{328B02A8-CB26-4BE5-9782-41EB8B91C816}.Release|Any CPU.Build.0 = Release|Any CPU
	EndGlobalSection
	GlobalSection(SolutionProperties) = preSolution
		HideSolutionNode = FALSE
	EndGlobalSection
	GlobalSection(ExtensibilityGlobals) = postSolution
		SolutionGuid = {E2F5281D-7C41-4430-8E2D-9151E23452E3}
	EndGlobalSection
EndGlobal
